// !$*UTF8*$!
{
	archiveVersion = 1;
	classes = {
	};
	objectVersion = 52;
	objects = {

/* Begin PBXBuildFile section */
		4021FA312591B9EA00CFDD94 /* DYTool.swift in Sources */ = {isa = PBXBuildFile; fileRef = 4021FA302591B9EA00CFDD94 /* DYTool.swift */; };
		4021FA332591BE7300CFDD94 /* DUser.swift in Sources */ = {isa = PBXBuildFile; fileRef = 4021FA322591BE7300CFDD94 /* DUser.swift */; };
		4021FA352591C04300CFDD94 /* DVideo.swift in Sources */ = {isa = PBXBuildFile; fileRef = 4021FA342591C04300CFDD94 /* DVideo.swift */; };
		4021FA372591C44900CFDD94 /* DStatistics.swift in Sources */ = {isa = PBXBuildFile; fileRef = 4021FA362591C44900CFDD94 /* DStatistics.swift */; };
		4021FA3A2591D5A700CFDD94 /* UserView.swift in Sources */ = {isa = PBXBuildFile; fileRef = 4021FA392591D5A700CFDD94 /* UserView.swift */; };
		4021FA572591D5FE00CFDD94 /* 35731289981082_bg.jpeg in Resources */ = {isa = PBXBuildFile; fileRef = 4021FA3C2591D5FE00CFDD94 /* 35731289981082_bg.jpeg */; };
		4021FA582591D5FE00CFDD94 /* 35731289981082013.png in Resources */ = {isa = PBXBuildFile; fileRef = 4021FA3D2591D5FE00CFDD94 /* 35731289981082013.png */; };
		4021FA592591D5FE00CFDD94 /* 35731289981082031.MP4 in Resources */ = {isa = PBXBuildFile; fileRef = 4021FA3E2591D5FE00CFDD94 /* 35731289981082031.MP4 */; };
		4021FA5A2591D5FE00CFDD94 /* 35731289981082012.png in Resources */ = {isa = PBXBuildFile; fileRef = 4021FA3F2591D5FE00CFDD94 /* 35731289981082012.png */; };
		4021FA5B2591D5FE00CFDD94 /* 35731289981082032.MP4 in Resources */ = {isa = PBXBuildFile; fileRef = 4021FA402591D5FE00CFDD94 /* 35731289981082032.MP4 */; };
		4021FA5C2591D5FE00CFDD94 /* 35731289981082033.MP4 in Resources */ = {isa = PBXBuildFile; fileRef = 4021FA412591D5FE00CFDD94 /* 35731289981082033.MP4 */; };
		4021FA5D2591D5FE00CFDD94 /* 35731289981082011.png in Resources */ = {isa = PBXBuildFile; fileRef = 4021FA422591D5FE00CFDD94 /* 35731289981082011.png */; };
		4021FA5E2591D5FE00CFDD94 /* 35731289981082001.png in Resources */ = {isa = PBXBuildFile; fileRef = 4021FA432591D5FE00CFDD94 /* 35731289981082001.png */; };
		4021FA5F2591D5FE00CFDD94 /* 35731289981082023.MP4 in Resources */ = {isa = PBXBuildFile; fileRef = 4021FA442591D5FE00CFDD94 /* 35731289981082023.MP4 */; };
		4021FA602591D5FE00CFDD94 /* 35731289981082022.MP4 in Resources */ = {isa = PBXBuildFile; fileRef = 4021FA452591D5FE00CFDD94 /* 35731289981082022.MP4 */; };
		4021FA612591D5FE00CFDD94 /* 35731289981082002.png in Resources */ = {isa = PBXBuildFile; fileRef = 4021FA462591D5FE00CFDD94 /* 35731289981082002.png */; };
		4021FA622591D5FE00CFDD94 /* 35731289981082021.MP4 in Resources */ = {isa = PBXBuildFile; fileRef = 4021FA472591D5FE00CFDD94 /* 35731289981082021.MP4 */; };
		4021FA632591D5FE00CFDD94 /* 35731289981082003.png in Resources */ = {isa = PBXBuildFile; fileRef = 4021FA482591D5FE00CFDD94 /* 35731289981082003.png */; };
		4021FA642591D5FE00CFDD94 /* 35731289981082032.png in Resources */ = {isa = PBXBuildFile; fileRef = 4021FA492591D5FE00CFDD94 /* 35731289981082032.png */; };
		4021FA652591D5FE00CFDD94 /* 35731289981082011.MP4 in Resources */ = {isa = PBXBuildFile; fileRef = 4021FA4A2591D5FE00CFDD94 /* 35731289981082011.MP4 */; };
		4021FA662591D5FE00CFDD94 /* 35731289981082033.png in Resources */ = {isa = PBXBuildFile; fileRef = 4021FA4B2591D5FE00CFDD94 /* 35731289981082033.png */; };
		4021FA672591D5FE00CFDD94 /* 35731289981082031.png in Resources */ = {isa = PBXBuildFile; fileRef = 4021FA4C2591D5FE00CFDD94 /* 35731289981082031.png */; };
		4021FA682591D5FE00CFDD94 /* 35731289981082013.MP4 in Resources */ = {isa = PBXBuildFile; fileRef = 4021FA4D2591D5FE00CFDD94 /* 35731289981082013.MP4 */; };
		4021FA692591D5FE00CFDD94 /* user.json in Resources */ = {isa = PBXBuildFile; fileRef = 4021FA4E2591D5FE00CFDD94 /* user.json */; };
		4021FA6A2591D5FE00CFDD94 /* 35731289981082012.MP4 in Resources */ = {isa = PBXBuildFile; fileRef = 4021FA4F2591D5FE00CFDD94 /* 35731289981082012.MP4 */; };
		4021FA6B2591D5FE00CFDD94 /* 35731289981082002.MP4 in Resources */ = {isa = PBXBuildFile; fileRef = 4021FA502591D5FE00CFDD94 /* 35731289981082002.MP4 */; };
		4021FA6C2591D5FE00CFDD94 /* 35731289981082003.MP4 in Resources */ = {isa = PBXBuildFile; fileRef = 4021FA512591D5FE00CFDD94 /* 35731289981082003.MP4 */; };
		4021FA6D2591D5FE00CFDD94 /* 35731289981082021.png in Resources */ = {isa = PBXBuildFile; fileRef = 4021FA522591D5FE00CFDD94 /* 35731289981082021.png */; };
		4021FA6E2591D5FE00CFDD94 /* 35731289981082023.png in Resources */ = {isa = PBXBuildFile; fileRef = 4021FA532591D5FE00CFDD94 /* 35731289981082023.png */; };
		4021FA6F2591D5FE00CFDD94 /* 35731289981082001.MP4 in Resources */ = {isa = PBXBuildFile; fileRef = 4021FA542591D5FE00CFDD94 /* 35731289981082001.MP4 */; };
		4021FA702591D5FE00CFDD94 /* 35731289981082022.png in Resources */ = {isa = PBXBuildFile; fileRef = 4021FA552591D5FE00CFDD94 /* 35731289981082022.png */; };
		4021FA712591D5FE00CFDD94 /* 35731289981082.JPEG in Resources */ = {isa = PBXBuildFile; fileRef = 4021FA562591D5FE00CFDD94 /* 35731289981082.JPEG */; };
		4021FA732591D64400CFDD94 /* VideoList.swift in Sources */ = {isa = PBXBuildFile; fileRef = 4021FA722591D64400CFDD94 /* VideoList.swift */; };
		4021FA762591E8EF00CFDD94 /* SDWebImageSwiftUI in Frameworks */ = {isa = PBXBuildFile; productRef = 4021FA752591E8EF00CFDD94 /* SDWebImageSwiftUI */; };
		4021FA782591FB9300CFDD94 /* PalyerView.swift in Sources */ = {isa = PBXBuildFile; fileRef = 4021FA772591FB9300CFDD94 /* PalyerView.swift */; };
		4021FA7A259443CF00CFDD94 /* UserContent.swift in Sources */ = {isa = PBXBuildFile; fileRef = 4021FA79259443CF00CFDD94 /* UserContent.swift */; };
		4022DEF525907923004E10CE /* AppDelegate.swift in Sources */ = {isa = PBXBuildFile; fileRef = 4022DEF425907923004E10CE /* AppDelegate.swift */; };
		4022DEF725907923004E10CE /* SceneDelegate.swift in Sources */ = {isa = PBXBuildFile; fileRef = 4022DEF625907923004E10CE /* SceneDelegate.swift */; };
		4022DEF925907923004E10CE /* ContentView.swift in Sources */ = {isa = PBXBuildFile; fileRef = 4022DEF825907923004E10CE /* ContentView.swift */; };
		4022DEFB2590793B004E10CE /* Assets.xcassets in Resources */ = {isa = PBXBuildFile; fileRef = 4022DEFA2590793B004E10CE /* Assets.xcassets */; };
		4022DEFE2590793B004E10CE /* Preview Assets.xcassets in Resources */ = {isa = PBXBuildFile; fileRef = 4022DEFD2590793B004E10CE /* Preview Assets.xcassets */; };
		4022DF012590793B004E10CE /* LaunchScreen.storyboard in Resources */ = {isa = PBXBuildFile; fileRef = 4022DEFF2590793B004E10CE /* LaunchScreen.storyboard */; };
		4022DF0E2591A040004E10CE /* DData.swift in Sources */ = {isa = PBXBuildFile; fileRef = 4022DF0D2591A040004E10CE /* DData.swift */; };
		403AA7272595BC490053B620 /* ScrollViewOffset.swift in Sources */ = {isa = PBXBuildFile; fileRef = 403AA7262595BC490053B620 /* ScrollViewOffset.swift */; };
		403AA72925997F960053B620 /* Test.swift in Sources */ = {isa = PBXBuildFile; fileRef = 403AA72825997F960053B620 /* Test.swift */; };
		403AA72B2599AFC80053B620 /* VideoSelect.swift in Sources */ = {isa = PBXBuildFile; fileRef = 403AA72A2599AFC80053B620 /* VideoSelect.swift */; };
		4090C47B259AFB8300CCBCFD /* LikeList.swift in Sources */ = {isa = PBXBuildFile; fileRef = 4090C47A259AFB8300CCBCFD /* LikeList.swift */; };
		40C8809F2599C98300A505F2 /* HScrollViewController.swift in Sources */ = {isa = PBXBuildFile; fileRef = 40C8809E2599C98300A505F2 /* HScrollViewController.swift */; };
/* End PBXBuildFile section */

/* Begin PBXFileReference section */
		4021FA302591B9EA00CFDD94 /* DYTool.swift */ = {isa = PBXFileReference; lastKnownFileType = sourcecode.swift; path = DYTool.swift; sourceTree = "<group>"; };
		4021FA322591BE7300CFDD94 /* DUser.swift */ = {isa = PBXFileReference; lastKnownFileType = sourcecode.swift; path = DUser.swift; sourceTree = "<group>"; };
		4021FA342591C04300CFDD94 /* DVideo.swift */ = {isa = PBXFileReference; lastKnownFileType = sourcecode.swift; path = DVideo.swift; sourceTree = "<group>"; };
		4021FA362591C44900CFDD94 /* DStatistics.swift */ = {isa = PBXFileReference; lastKnownFileType = sourcecode.swift; path = DStatistics.swift; sourceTree = "<group>"; };
		4021FA392591D5A700CFDD94 /* UserView.swift */ = {isa = PBXFileReference; lastKnownFileType = sourcecode.swift; path = UserView.swift; sourceTree = "<group>"; };
		4021FA3C2591D5FE00CFDD94 /* 35731289981082_bg.jpeg */ = {isa = PBXFileReference; lastKnownFileType = image.jpeg; path = 35731289981082_bg.jpeg; sourceTree = "<group>"; };
		4021FA3D2591D5FE00CFDD94 /* 35731289981082013.png */ = {isa = PBXFileReference; lastKnownFileType = image.png; path = 35731289981082013.png; sourceTree = "<group>"; };
		4021FA3E2591D5FE00CFDD94 /* 35731289981082031.MP4 */ = {isa = PBXFileReference; lastKnownFileType = file; path = 35731289981082031.MP4; sourceTree = "<group>"; };
		4021FA3F2591D5FE00CFDD94 /* 35731289981082012.png */ = {isa = PBXFileReference; lastKnownFileType = image.png; path = 35731289981082012.png; sourceTree = "<group>"; };
		4021FA402591D5FE00CFDD94 /* 35731289981082032.MP4 */ = {isa = PBXFileReference; lastKnownFileType = file; path = 35731289981082032.MP4; sourceTree = "<group>"; };
		4021FA412591D5FE00CFDD94 /* 35731289981082033.MP4 */ = {isa = PBXFileReference; lastKnownFileType = file; path = 35731289981082033.MP4; sourceTree = "<group>"; };
		4021FA422591D5FE00CFDD94 /* 35731289981082011.png */ = {isa = PBXFileReference; lastKnownFileType = image.png; path = 35731289981082011.png; sourceTree = "<group>"; };
		4021FA432591D5FE00CFDD94 /* 35731289981082001.png */ = {isa = PBXFileReference; lastKnownFileType = image.png; path = 35731289981082001.png; sourceTree = "<group>"; };
		4021FA442591D5FE00CFDD94 /* 35731289981082023.MP4 */ = {isa = PBXFileReference; lastKnownFileType = file; path = 35731289981082023.MP4; sourceTree = "<group>"; };
		4021FA452591D5FE00CFDD94 /* 35731289981082022.MP4 */ = {isa = PBXFileReference; lastKnownFileType = file; path = 35731289981082022.MP4; sourceTree = "<group>"; };
		4021FA462591D5FE00CFDD94 /* 35731289981082002.png */ = {isa = PBXFileReference; lastKnownFileType = image.png; path = 35731289981082002.png; sourceTree = "<group>"; };
		4021FA472591D5FE00CFDD94 /* 35731289981082021.MP4 */ = {isa = PBXFileReference; lastKnownFileType = file; path = 35731289981082021.MP4; sourceTree = "<group>"; };
		4021FA482591D5FE00CFDD94 /* 35731289981082003.png */ = {isa = PBXFileReference; lastKnownFileType = image.png; path = 35731289981082003.png; sourceTree = "<group>"; };
		4021FA492591D5FE00CFDD94 /* 35731289981082032.png */ = {isa = PBXFileReference; lastKnownFileType = image.png; path = 35731289981082032.png; sourceTree = "<group>"; };
		4021FA4A2591D5FE00CFDD94 /* 35731289981082011.MP4 */ = {isa = PBXFileReference; lastKnownFileType = file; path = 35731289981082011.MP4; sourceTree = "<group>"; };
		4021FA4B2591D5FE00CFDD94 /* 35731289981082033.png */ = {isa = PBXFileReference; lastKnownFileType = image.png; path = 35731289981082033.png; sourceTree = "<group>"; };
		4021FA4C2591D5FE00CFDD94 /* 35731289981082031.png */ = {isa = PBXFileReference; lastKnownFileType = image.png; path = 35731289981082031.png; sourceTree = "<group>"; };
		4021FA4D2591D5FE00CFDD94 /* 35731289981082013.MP4 */ = {isa = PBXFileReference; lastKnownFileType = file; path = 35731289981082013.MP4; sourceTree = "<group>"; };
		4021FA4E2591D5FE00CFDD94 /* user.json */ = {isa = PBXFileReference; fileEncoding = 4; lastKnownFileType = text.json; path = user.json; sourceTree = "<group>"; };
		4021FA4F2591D5FE00CFDD94 /* 35731289981082012.MP4 */ = {isa = PBXFileReference; lastKnownFileType = file; path = 35731289981082012.MP4; sourceTree = "<group>"; };
		4021FA502591D5FE00CFDD94 /* 35731289981082002.MP4 */ = {isa = PBXFileReference; lastKnownFileType = file; path = 35731289981082002.MP4; sourceTree = "<group>"; };
		4021FA512591D5FE00CFDD94 /* 35731289981082003.MP4 */ = {isa = PBXFileReference; lastKnownFileType = file; path = 35731289981082003.MP4; sourceTree = "<group>"; };
		4021FA522591D5FE00CFDD94 /* 35731289981082021.png */ = {isa = PBXFileReference; lastKnownFileType = image.png; path = 35731289981082021.png; sourceTree = "<group>"; };
		4021FA532591D5FE00CFDD94 /* 35731289981082023.png */ = {isa = PBXFileReference; lastKnownFileType = image.png; path = 35731289981082023.png; sourceTree = "<group>"; };
		4021FA542591D5FE00CFDD94 /* 35731289981082001.MP4 */ = {isa = PBXFileReference; lastKnownFileType = file; path = 35731289981082001.MP4; sourceTree = "<group>"; };
		4021FA552591D5FE00CFDD94 /* 35731289981082022.png */ = {isa = PBXFileReference; lastKnownFileType = image.png; path = 35731289981082022.png; sourceTree = "<group>"; };
		4021FA562591D5FE00CFDD94 /* 35731289981082.JPEG */ = {isa = PBXFileReference; lastKnownFileType = image.jpeg; path = 35731289981082.JPEG; sourceTree = "<group>"; };
		4021FA722591D64400CFDD94 /* VideoList.swift */ = {isa = PBXFileReference; lastKnownFileType = sourcecode.swift; path = VideoList.swift; sourceTree = "<group>"; };
		4021FA772591FB9300CFDD94 /* PalyerView.swift */ = {isa = PBXFileReference; lastKnownFileType = sourcecode.swift; path = PalyerView.swift; sourceTree = "<group>"; };
		4021FA79259443CF00CFDD94 /* UserContent.swift */ = {isa = PBXFileReference; lastKnownFileType = sourcecode.swift; path = UserContent.swift; sourceTree = "<group>"; };
		4022DEF125907923004E10CE /* SwiftUI_douyin.app */ = {isa = PBXFileReference; explicitFileType = wrapper.application; includeInIndex = 0; path = SwiftUI_douyin.app; sourceTree = BUILT_PRODUCTS_DIR; };
		4022DEF425907923004E10CE /* AppDelegate.swift */ = {isa = PBXFileReference; lastKnownFileType = sourcecode.swift; path = AppDelegate.swift; sourceTree = "<group>"; };
		4022DEF625907923004E10CE /* SceneDelegate.swift */ = {isa = PBXFileReference; lastKnownFileType = sourcecode.swift; path = SceneDelegate.swift; sourceTree = "<group>"; };
		4022DEF825907923004E10CE /* ContentView.swift */ = {isa = PBXFileReference; lastKnownFileType = sourcecode.swift; path = ContentView.swift; sourceTree = "<group>"; };
		4022DEFA2590793B004E10CE /* Assets.xcassets */ = {isa = PBXFileReference; lastKnownFileType = folder.assetcatalog; path = Assets.xcassets; sourceTree = "<group>"; };
		4022DEFD2590793B004E10CE /* Preview Assets.xcassets */ = {isa = PBXFileReference; lastKnownFileType = folder.assetcatalog; path = "Preview Assets.xcassets"; sourceTree = "<group>"; };
		4022DF002590793B004E10CE /* Base */ = {isa = PBXFileReference; lastKnownFileType = file.storyboard; name = Base; path = Base.lproj/LaunchScreen.storyboard; sourceTree = "<group>"; };
		4022DF022590793B004E10CE /* Info.plist */ = {isa = PBXFileReference; lastKnownFileType = text.plist.xml; path = Info.plist; sourceTree = "<group>"; };
		4022DF0D2591A040004E10CE /* DData.swift */ = {isa = PBXFileReference; fileEncoding = 4; lastKnownFileType = sourcecode.swift; path = DData.swift; sourceTree = "<group>"; };
		403AA7262595BC490053B620 /* ScrollViewOffset.swift */ = {isa = PBXFileReference; lastKnownFileType = sourcecode.swift; path = ScrollViewOffset.swift; sourceTree = "<group>"; };
		403AA72825997F960053B620 /* Test.swift */ = {isa = PBXFileReference; lastKnownFileType = sourcecode.swift; path = Test.swift; sourceTree = "<group>"; };
		403AA72A2599AFC80053B620 /* VideoSelect.swift */ = {isa = PBXFileReference; fileEncoding = 4; lastKnownFileType = sourcecode.swift; path = VideoSelect.swift; sourceTree = "<group>"; };
		4090C47A259AFB8300CCBCFD /* LikeList.swift */ = {isa = PBXFileReference; lastKnownFileType = sourcecode.swift; path = LikeList.swift; sourceTree = "<group>"; };
		40C8809E2599C98300A505F2 /* HScrollViewController.swift */ = {isa = PBXFileReference; fileEncoding = 4; lastKnownFileType = sourcecode.swift; path = HScrollViewController.swift; sourceTree = "<group>"; };
/* End PBXFileReference section */

/* Begin PBXFrameworksBuildPhase section */
		4022DEEE25907923004E10CE /* Frameworks */ = {
			isa = PBXFrameworksBuildPhase;
			buildActionMask = 2147483647;
			files = (
				4021FA762591E8EF00CFDD94 /* SDWebImageSwiftUI in Frameworks */,
			);
			runOnlyForDeploymentPostprocessing = 0;
		};
/* End PBXFrameworksBuildPhase section */

/* Begin PBXGroup section */
		4021FA2F2591B9DC00CFDD94 /* tool */ = {
			isa = PBXGroup;
			children = (
				4021FA302591B9EA00CFDD94 /* DYTool.swift */,
				4021FA772591FB9300CFDD94 /* PalyerView.swift */,
			);
			path = tool;
			sourceTree = "<group>";
		};
		4021FA382591D58600CFDD94 /* view */ = {
			isa = PBXGroup;
			children = (
				4090C47A259AFB8300CCBCFD /* LikeList.swift */,
				40C8809E2599C98300A505F2 /* HScrollViewController.swift */,
				403AA72A2599AFC80053B620 /* VideoSelect.swift */,
				403AA7262595BC490053B620 /* ScrollViewOffset.swift */,
				4021FA79259443CF00CFDD94 /* UserContent.swift */,
				4021FA392591D5A700CFDD94 /* UserView.swift */,
				403AA72825997F960053B620 /* Test.swift */,
				4021FA722591D64400CFDD94 /* VideoList.swift */,
			);
			path = view;
			sourceTree = "<group>";
		};
		4021FA3B2591D5FE00CFDD94 /* data */ = {
			isa = PBXGroup;
			children = (
				4021FA3C2591D5FE00CFDD94 /* 35731289981082_bg.jpeg */,
				4021FA3D2591D5FE00CFDD94 /* 35731289981082013.png */,
				4021FA3E2591D5FE00CFDD94 /* 35731289981082031.MP4 */,
				4021FA3F2591D5FE00CFDD94 /* 35731289981082012.png */,
				4021FA402591D5FE00CFDD94 /* 35731289981082032.MP4 */,
				4021FA412591D5FE00CFDD94 /* 35731289981082033.MP4 */,
				4021FA422591D5FE00CFDD94 /* 35731289981082011.png */,
				4021FA432591D5FE00CFDD94 /* 35731289981082001.png */,
				4021FA442591D5FE00CFDD94 /* 35731289981082023.MP4 */,
				4021FA452591D5FE00CFDD94 /* 35731289981082022.MP4 */,
				4021FA462591D5FE00CFDD94 /* 35731289981082002.png */,
				4021FA472591D5FE00CFDD94 /* 35731289981082021.MP4 */,
				4021FA482591D5FE00CFDD94 /* 35731289981082003.png */,
				4021FA492591D5FE00CFDD94 /* 35731289981082032.png */,
				4021FA4A2591D5FE00CFDD94 /* 35731289981082011.MP4 */,
				4021FA4B2591D5FE00CFDD94 /* 35731289981082033.png */,
				4021FA4C2591D5FE00CFDD94 /* 35731289981082031.png */,
				4021FA4D2591D5FE00CFDD94 /* 35731289981082013.MP4 */,
				4021FA4E2591D5FE00CFDD94 /* user.json */,
				4021FA4F2591D5FE00CFDD94 /* 35731289981082012.MP4 */,
				4021FA502591D5FE00CFDD94 /* 35731289981082002.MP4 */,
				4021FA512591D5FE00CFDD94 /* 35731289981082003.MP4 */,
				4021FA522591D5FE00CFDD94 /* 35731289981082021.png */,
				4021FA532591D5FE00CFDD94 /* 35731289981082023.png */,
				4021FA542591D5FE00CFDD94 /* 35731289981082001.MP4 */,
				4021FA552591D5FE00CFDD94 /* 35731289981082022.png */,
				4021FA562591D5FE00CFDD94 /* 35731289981082.JPEG */,
			);
			path = data;
			sourceTree = SOURCE_ROOT;
		};
		4022DEE825907923004E10CE = {
			isa = PBXGroup;
			children = (
				4022DEF325907923004E10CE /* SwiftUI_douyin */,
				4022DEF225907923004E10CE /* Products */,
			);
			sourceTree = "<group>";
		};
		4022DEF225907923004E10CE /* Products */ = {
			isa = PBXGroup;
			children = (
				4022DEF125907923004E10CE /* SwiftUI_douyin.app */,
			);
			name = Products;
			sourceTree = "<group>";
		};
		4022DEF325907923004E10CE /* SwiftUI_douyin */ = {
			isa = PBXGroup;
			children = (
				4021FA3B2591D5FE00CFDD94 /* data */,
				4021FA382591D58600CFDD94 /* view */,
				4021FA2F2591B9DC00CFDD94 /* tool */,
				4022DF0A25919FE7004E10CE /* app */,
				4022DF0C2591A040004E10CE /* model */,
				4022DEFA2590793B004E10CE /* Assets.xcassets */,
				4022DEFC2590793B004E10CE /* Preview Content */,
			);
			path = SwiftUI_douyin;
			sourceTree = "<group>";
		};
		4022DEFC2590793B004E10CE /* Preview Content */ = {
			isa = PBXGroup;
			children = (
				4022DEFD2590793B004E10CE /* Preview Assets.xcassets */,
			);
			path = "Preview Content";
			sourceTree = "<group>";
		};
		4022DF0A25919FE7004E10CE /* app */ = {
			isa = PBXGroup;
			children = (
				4022DEF425907923004E10CE /* AppDelegate.swift */,
				4022DEF625907923004E10CE /* SceneDelegate.swift */,
				4022DEF825907923004E10CE /* ContentView.swift */,
				4022DEFF2590793B004E10CE /* LaunchScreen.storyboard */,
				4022DF022590793B004E10CE /* Info.plist */,
			);
			path = app;
			sourceTree = "<group>";
		};
		4022DF0C2591A040004E10CE /* model */ = {
			isa = PBXGroup;
			children = (
				4022DF0D2591A040004E10CE /* DData.swift */,
				4021FA322591BE7300CFDD94 /* DUser.swift */,
				4021FA342591C04300CFDD94 /* DVideo.swift */,
				4021FA362591C44900CFDD94 /* DStatistics.swift */,
			);
			path = model;
			sourceTree = "<group>";
		};
/* End PBXGroup section */

/* Begin PBXNativeTarget section */
		4022DEF025907923004E10CE /* SwiftUI_douyin */ = {
			isa = PBXNativeTarget;
			buildConfigurationList = 4022DF052590793B004E10CE /* Build configuration list for PBXNativeTarget "SwiftUI_douyin" */;
			buildPhases = (
				4022DEED25907923004E10CE /* Sources */,
				4022DEEE25907923004E10CE /* Frameworks */,
				4022DEEF25907923004E10CE /* Resources */,
			);
			buildRules = (
			);
			dependencies = (
			);
			name = SwiftUI_douyin;
			packageProductDependencies = (
				4021FA752591E8EF00CFDD94 /* SDWebImageSwiftUI */,
			);
			productName = SwiftUI_douyin;
			productReference = 4022DEF125907923004E10CE /* SwiftUI_douyin.app */;
			productType = "com.apple.product-type.application";
		};
/* End PBXNativeTarget section */

/* Begin PBXProject section */
		4022DEE925907923004E10CE /* Project object */ = {
			isa = PBXProject;
			attributes = {
				LastSwiftUpdateCheck = 1170;
				LastUpgradeCheck = 1170;
				ORGANIZATIONNAME = ancc;
				TargetAttributes = {
					4022DEF025907923004E10CE = {
						CreatedOnToolsVersion = 11.7;
					};
				};
			};
			buildConfigurationList = 4022DEEC25907923004E10CE /* Build configuration list for PBXProject "SwiftUI_douyin" */;
			compatibilityVersion = "Xcode 9.3";
			developmentRegion = en;
			hasScannedForEncodings = 0;
			knownRegions = (
				en,
				Base,
			);
			mainGroup = 4022DEE825907923004E10CE;
			packageReferences = (
				4021FA742591E8EF00CFDD94 /* XCRemoteSwiftPackageReference "SDWebImageSwiftUI" */,
			);
			productRefGroup = 4022DEF225907923004E10CE /* Products */;
			projectDirPath = "";
			projectRoot = "";
			targets = (
				4022DEF025907923004E10CE /* SwiftUI_douyin */,
			);
		};
/* End PBXProject section */

/* Begin PBXResourcesBuildPhase section */
		4022DEEF25907923004E10CE /* Resources */ = {
			isa = PBXResourcesBuildPhase;
			buildActionMask = 2147483647;
			files = (
				4021FA642591D5FE00CFDD94 /* 35731289981082032.png in Resources */,
				4021FA682591D5FE00CFDD94 /* 35731289981082013.MP4 in Resources */,
				4021FA5E2591D5FE00CFDD94 /* 35731289981082001.png in Resources */,
				4021FA6C2591D5FE00CFDD94 /* 35731289981082003.MP4 in Resources */,
				4021FA5D2591D5FE00CFDD94 /* 35731289981082011.png in Resources */,
				4021FA6D2591D5FE00CFDD94 /* 35731289981082021.png in Resources */,
				4021FA5A2591D5FE00CFDD94 /* 35731289981082012.png in Resources */,
				4021FA652591D5FE00CFDD94 /* 35731289981082011.MP4 in Resources */,
				4021FA572591D5FE00CFDD94 /* 35731289981082_bg.jpeg in Resources */,
				4021FA582591D5FE00CFDD94 /* 35731289981082013.png in Resources */,
				4021FA692591D5FE00CFDD94 /* user.json in Resources */,
				4021FA602591D5FE00CFDD94 /* 35731289981082022.MP4 in Resources */,
				4021FA612591D5FE00CFDD94 /* 35731289981082002.png in Resources */,
				4021FA6E2591D5FE00CFDD94 /* 35731289981082023.png in Resources */,
				4021FA622591D5FE00CFDD94 /* 35731289981082021.MP4 in Resources */,
				4021FA672591D5FE00CFDD94 /* 35731289981082031.png in Resources */,
				4021FA702591D5FE00CFDD94 /* 35731289981082022.png in Resources */,
				4021FA662591D5FE00CFDD94 /* 35731289981082033.png in Resources */,
				4021FA5B2591D5FE00CFDD94 /* 35731289981082032.MP4 in Resources */,
				4021FA712591D5FE00CFDD94 /* 35731289981082.JPEG in Resources */,
				4021FA5C2591D5FE00CFDD94 /* 35731289981082033.MP4 in Resources */,
				4021FA6B2591D5FE00CFDD94 /* 35731289981082002.MP4 in Resources */,
				4021FA5F2591D5FE00CFDD94 /* 35731289981082023.MP4 in Resources */,
				4022DF012590793B004E10CE /* LaunchScreen.storyboard in Resources */,
				4022DEFE2590793B004E10CE /* Preview Assets.xcassets in Resources */,
				4021FA632591D5FE00CFDD94 /* 35731289981082003.png in Resources */,
				4021FA592591D5FE00CFDD94 /* 35731289981082031.MP4 in Resources */,
				4021FA6A2591D5FE00CFDD94 /* 35731289981082012.MP4 in Resources */,
				4022DEFB2590793B004E10CE /* Assets.xcassets in Resources */,
				4021FA6F2591D5FE00CFDD94 /* 35731289981082001.MP4 in Resources */,
			);
			runOnlyForDeploymentPostprocessing = 0;
		};
/* End PBXResourcesBuildPhase section */

/* Begin PBXSourcesBuildPhase section */
		4022DEED25907923004E10CE /* Sources */ = {
			isa = PBXSourcesBuildPhase;
			buildActionMask = 2147483647;
			files = (
				4022DEF525907923004E10CE /* AppDelegate.swift in Sources */,
				4090C47B259AFB8300CCBCFD /* LikeList.swift in Sources */,
				4022DEF725907923004E10CE /* SceneDelegate.swift in Sources */,
				4021FA312591B9EA00CFDD94 /* DYTool.swift in Sources */,
				403AA72925997F960053B620 /* Test.swift in Sources */,
				4021FA372591C44900CFDD94 /* DStatistics.swift in Sources */,
				403AA7272595BC490053B620 /* ScrollViewOffset.swift in Sources */,
				403AA72B2599AFC80053B620 /* VideoSelect.swift in Sources */,
				4022DF0E2591A040004E10CE /* DData.swift in Sources */,
				4021FA732591D64400CFDD94 /* VideoList.swift in Sources */,
				4022DEF925907923004E10CE /* ContentView.swift in Sources */,
				4021FA352591C04300CFDD94 /* DVideo.swift in Sources */,
				4021FA782591FB9300CFDD94 /* PalyerView.swift in Sources */,
				40C8809F2599C98300A505F2 /* HScrollViewController.swift in Sources */,
				4021FA3A2591D5A700CFDD94 /* UserView.swift in Sources */,
				4021FA7A259443CF00CFDD94 /* UserContent.swift in Sources */,
				4021FA332591BE7300CFDD94 /* DUser.swift in Sources */,
			);
			runOnlyForDeploymentPostprocessing = 0;
		};
/* End PBXSourcesBuildPhase section */

/* Begin PBXVariantGroup section */
		4022DEFF2590793B004E10CE /* LaunchScreen.storyboard */ = {
			isa = PBXVariantGroup;
			children = (
				4022DF002590793B004E10CE /* Base */,
			);
			name = LaunchScreen.storyboard;
			sourceTree = "<group>";
		};
/* End PBXVariantGroup section */

/* Begin XCBuildConfiguration section */
		4022DF032590793B004E10CE /* Debug */ = {
			isa = XCBuildConfiguration;
			buildSettings = {
				ALWAYS_SEARCH_USER_PATHS = NO;
				CLANG_ANALYZER_NONNULL = YES;
				CLANG_ANALYZER_NUMBER_OBJECT_CONVERSION = YES_AGGRESSIVE;
				CLANG_CXX_LANGUAGE_STANDARD = "gnu++14";
				CLANG_CXX_LIBRARY = "libc++";
				CLANG_ENABLE_MODULES = YES;
				CLANG_ENABLE_OBJC_ARC = YES;
				CLANG_ENABLE_OBJC_WEAK = YES;
				CLANG_WARN_BLOCK_CAPTURE_AUTORELEASING = YES;
				CLANG_WARN_BOOL_CONVERSION = YES;
				CLANG_WARN_COMMA = YES;
				CLANG_WARN_CONSTANT_CONVERSION = YES;
				CLANG_WARN_DEPRECATED_OBJC_IMPLEMENTATIONS = YES;
				CLANG_WARN_DIRECT_OBJC_ISA_USAGE = YES_ERROR;
				CLANG_WARN_DOCUMENTATION_COMMENTS = YES;
				CLANG_WARN_EMPTY_BODY = YES;
				CLANG_WARN_ENUM_CONVERSION = YES;
				CLANG_WARN_INFINITE_RECURSION = YES;
				CLANG_WARN_INT_CONVERSION = YES;
				CLANG_WARN_NON_LITERAL_NULL_CONVERSION = YES;
				CLANG_WARN_OBJC_IMPLICIT_RETAIN_SELF = YES;
				CLANG_WARN_OBJC_LITERAL_CONVERSION = YES;
				CLANG_WARN_OBJC_ROOT_CLASS = YES_ERROR;
				CLANG_WARN_RANGE_LOOP_ANALYSIS = YES;
				CLANG_WARN_STRICT_PROTOTYPES = YES;
				CLANG_WARN_SUSPICIOUS_MOVE = YES;
				CLANG_WARN_UNGUARDED_AVAILABILITY = YES_AGGRESSIVE;
				CLANG_WARN_UNREACHABLE_CODE = YES;
				CLANG_WARN__DUPLICATE_METHOD_MATCH = YES;
				COPY_PHASE_STRIP = NO;
				DEBUG_INFORMATION_FORMAT = dwarf;
				ENABLE_STRICT_OBJC_MSGSEND = YES;
				ENABLE_TESTABILITY = YES;
				GCC_C_LANGUAGE_STANDARD = gnu11;
				GCC_DYNAMIC_NO_PIC = NO;
				GCC_NO_COMMON_BLOCKS = YES;
				GCC_OPTIMIZATION_LEVEL = 0;
				GCC_PREPROCESSOR_DEFINITIONS = (
					"DEBUG=1",
					"$(inherited)",
				);
				GCC_WARN_64_TO_32_BIT_CONVERSION = YES;
				GCC_WARN_ABOUT_RETURN_TYPE = YES_ERROR;
				GCC_WARN_UNDECLARED_SELECTOR = YES;
				GCC_WARN_UNINITIALIZED_AUTOS = YES_AGGRESSIVE;
				GCC_WARN_UNUSED_FUNCTION = YES;
				GCC_WARN_UNUSED_VARIABLE = YES;
				IPHONEOS_DEPLOYMENT_TARGET = 13.7;
				MTL_ENABLE_DEBUG_INFO = INCLUDE_SOURCE;
				MTL_FAST_MATH = YES;
				ONLY_ACTIVE_ARCH = YES;
				SDKROOT = iphoneos;
				SWIFT_ACTIVE_COMPILATION_CONDITIONS = DEBUG;
				SWIFT_OPTIMIZATION_LEVEL = "-Onone";
			};
			name = Debug;
		};
		4022DF042590793B004E10CE /* Release */ = {
			isa = XCBuildConfiguration;
			buildSettings = {
				ALWAYS_SEARCH_USER_PATHS = NO;
				CLANG_ANALYZER_NONNULL = YES;
				CLANG_ANALYZER_NUMBER_OBJECT_CONVERSION = YES_AGGRESSIVE;
				CLANG_CXX_LANGUAGE_STANDARD = "gnu++14";
				CLANG_CXX_LIBRARY = "libc++";
				CLANG_ENABLE_MODULES = YES;
				CLANG_ENABLE_OBJC_ARC = YES;
				CLANG_ENABLE_OBJC_WEAK = YES;
				CLANG_WARN_BLOCK_CAPTURE_AUTORELEASING = YES;
				CLANG_WARN_BOOL_CONVERSION = YES;
				CLANG_WARN_COMMA = YES;
				CLANG_WARN_CONSTANT_CONVERSION = YES;
				CLANG_WARN_DEPRECATED_OBJC_IMPLEMENTATIONS = YES;
				CLANG_WARN_DIRECT_OBJC_ISA_USAGE = YES_ERROR;
				CLANG_WARN_DOCUMENTATION_COMMENTS = YES;
				CLANG_WARN_EMPTY_BODY = YES;
				CLANG_WARN_ENUM_CONVERSION = YES;
				CLANG_WARN_INFINITE_RECURSION = YES;
				CLANG_WARN_INT_CONVERSION = YES;
				CLANG_WARN_NON_LITERAL_NULL_CONVERSION = YES;
				CLANG_WARN_OBJC_IMPLICIT_RETAIN_SELF = YES;
				CLANG_WARN_OBJC_LITERAL_CONVERSION = YES;
				CLANG_WARN_OBJC_ROOT_CLASS = YES_ERROR;
				CLANG_WARN_RANGE_LOOP_ANALYSIS = YES;
				CLANG_WARN_STRICT_PROTOTYPES = YES;
				CLANG_WARN_SUSPICIOUS_MOVE = YES;
				CLANG_WARN_UNGUARDED_AVAILABILITY = YES_AGGRESSIVE;
				CLANG_WARN_UNREACHABLE_CODE = YES;
				CLANG_WARN__DUPLICATE_METHOD_MATCH = YES;
				COPY_PHASE_STRIP = NO;
				DEBUG_INFORMATION_FORMAT = "dwarf-with-dsym";
				ENABLE_NS_ASSERTIONS = NO;
				ENABLE_STRICT_OBJC_MSGSEND = YES;
				GCC_C_LANGUAGE_STANDARD = gnu11;
				GCC_NO_COMMON_BLOCKS = YES;
				GCC_WARN_64_TO_32_BIT_CONVERSION = YES;
				GCC_WARN_ABOUT_RETURN_TYPE = YES_ERROR;
				GCC_WARN_UNDECLARED_SELECTOR = YES;
				GCC_WARN_UNINITIALIZED_AUTOS = YES_AGGRESSIVE;
				GCC_WARN_UNUSED_FUNCTION = YES;
				GCC_WARN_UNUSED_VARIABLE = YES;
				IPHONEOS_DEPLOYMENT_TARGET = 13.7;
				MTL_ENABLE_DEBUG_INFO = NO;
				MTL_FAST_MATH = YES;
				SDKROOT = iphoneos;
				SWIFT_COMPILATION_MODE = wholemodule;
				SWIFT_OPTIMIZATION_LEVEL = "-O";
				VALIDATE_PRODUCT = YES;
			};
			name = Release;
		};
		4022DF062590793B004E10CE /* Debug */ = {
			isa = XCBuildConfiguration;
			buildSettings = {
				ASSETCATALOG_COMPILER_APPICON_NAME = AppIcon;
				CODE_SIGN_STYLE = Automatic;
				DEVELOPMENT_ASSET_PATHS = "\"SwiftUI_douyin/Preview Content\"";
				DEVELOPMENT_TEAM = Q36CWUF67A;
				ENABLE_PREVIEWS = YES;
				INFOPLIST_FILE = SwiftUI_douyin/app/Info.plist;
				LD_RUNPATH_SEARCH_PATHS = (
					"$(inherited)",
					"@executable_path/Frameworks",
				);
				PRODUCT_BUNDLE_IDENTIFIER = "com.butters.douyin.SwiftUI-douyin";
				PRODUCT_NAME = "$(TARGET_NAME)";
				SWIFT_VERSION = 5.0;
				TARGETED_DEVICE_FAMILY = "1,2";
			};
			name = Debug;
		};
		4022DF072590793B004E10CE /* Release */ = {
			isa = XCBuildConfiguration;
			buildSettings = {
				ASSETCATALOG_COMPILER_APPICON_NAME = AppIcon;
				CODE_SIGN_STYLE = Automatic;
				DEVELOPMENT_ASSET_PATHS = "\"SwiftUI_douyin/Preview Content\"";
				DEVELOPMENT_TEAM = Q36CWUF67A;
				ENABLE_PREVIEWS = YES;
				INFOPLIST_FILE = SwiftUI_douyin/app/Info.plist;
				LD_RUNPATH_SEARCH_PATHS = (
					"$(inherited)",
					"@executable_path/Frameworks",
				);
				PRODUCT_BUNDLE_IDENTIFIER = "com.butters.douyin.SwiftUI-douyin";
				PRODUCT_NAME = "$(TARGET_NAME)";
				SWIFT_VERSION = 5.0;
				TARGETED_DEVICE_FAMILY = "1,2";
			};
			name = Release;
		};
/* End XCBuildConfiguration section */

/* Begin XCConfigurationList section */
		4022DEEC25907923004E10CE /* Build configuration list for PBXProject "SwiftUI_douyin" */ = {
			isa = XCConfigurationList;
			buildConfigurations = (
				4022DF032590793B004E10CE /* Debug */,
				4022DF042590793B004E10CE /* Release */,
			);
			defaultConfigurationIsVisible = 0;
			defaultConfigurationName = Release;
		};
		4022DF052590793B004E10CE /* Build configuration list for PBXNativeTarget "SwiftUI_douyin" */ = {
			isa = XCConfigurationList;
			buildConfigurations = (
				4022DF062590793B004E10CE /* Debug */,
				4022DF072590793B004E10CE /* Release */,
			);
			defaultConfigurationIsVisible = 0;
			defaultConfigurationName = Release;
		};
/* End XCConfigurationList section */

/* Begin XCRemoteSwiftPackageReference section */
		4021FA742591E8EF00CFDD94 /* XCRemoteSwiftPackageReference "SDWebImageSwiftUI" */ = {
			isa = XCRemoteSwiftPackageReference;
			repositoryURL = "https://github.com/SDWebImage/SDWebImageSwiftUI.git";
			requirement = {
				kind = upToNextMajorVersion;
				minimumVersion = 1.5.0;
			};
		};
/* End XCRemoteSwiftPackageReference section */

/* Begin XCSwiftPackageProductDependency section */
		4021FA752591E8EF00CFDD94 /* SDWebImageSwiftUI */ = {
			isa = XCSwiftPackageProductDependency;
			package = 4021FA742591E8EF00CFDD94 /* XCRemoteSwiftPackageReference "SDWebImageSwiftUI" */;
			productName = SDWebImageSwiftUI;
		};
/* End XCSwiftPackageProductDependency section */
	};
	rootObject = 4022DEE925907923004E10CE /* Project object */;
}
